
Microsoft Visual Studio Solution File, Format Version 12.00
# Visual Studio 14
VisualStudioVersion = 14.0.25420.1
MinimumVisualStudioVersion = 10.0.40219.1
Project("{FAE04EC0-301F-11D3-BF4B-00C04F79EFBC}") = "SignalRDemo.UI", "SignalRDemo.UI\SignalRDemo.UI.csproj", "{08A252D7-4A39-407A-BD6E-85F0671DE9B1}"
EndProject
Project("{FAE04EC0-301F-11D3-BF4B-00C04F79EFBC}") = "SignalRDemo.Client", "SignalRDemo.Client\SignalRDemo.Client.csproj", "{813430D7-1695-4DA6-B264-5CC5635EFC7D}"
EndProject
Project("{FAE04EC0-301F-11D3-BF4B-00C04F79EFBC}") = "SignalRDemo.Core", "SignalRDemo.Core\SignalRDemo.Core.csproj", "{675C12ED-367A-4C5D-886B-228F3034BEA7}"
EndProject
Global
	GlobalSection(SolutionConfigurationPlatforms) = preSolution
		Debug|Any CPU = Debug|Any CPU
		Release|Any CPU = Release|Any CPU
	EndGlobalSection
	GlobalSection(ProjectConfigurationPlatforms) = postSolution
		{08A252D7-4A39-407A-BD6E-85F0671DE9B1}.Debug|Any CPU.ActiveCfg = Debug|Any CPU
		{08A252D7-4A39-407A-BD6E-85F0671DE9B1}.Debug|Any CPU.Build.0 = Debug|Any CPU
		{08A252D7-4A39-407A-BD6E-85F0671DE9B1}.Release|Any CPU.ActiveCfg = Release|Any CPU
		{08A252D7-4A39-407A-BD6E-85F0671DE9B1}.Release|Any CPU.Build.0 = Release|Any CPU
		{813430D7-1695-4DA6-B264-5CC5635EFC7D}.Debug|Any CPU.ActiveCfg = Debug|Any CPU
		{813430D7-1695-4DA6-B264-5CC5635EFC7D}.Debug|Any CPU.Build.0 = Debug|Any CPU
		{813430D7-1695-4DA6-B264-5CC5635EFC7D}.Release|Any CPU.ActiveCfg = Release|Any CPU
		{813430D7-1695-4DA6-B264-5CC5635EFC7D}.Release|Any CPU.Build.0 = Release|Any CPU
		{675C12ED-367A-4C5D-886B-228F3034BEA7}.Debug|Any CPU.ActiveCfg = Debug|Any CPU
		{675C12ED-367A-4C5D-886B-228F3034BEA7}.Debug|Any CPU.Build.0 = Debug|Any CPU
		{675C12ED-367A-4C5D-886B-228F3034BEA7}.Release|Any CPU.ActiveCfg = Release|Any CPU
		{675C12ED-367A-4C5D-886B-228F3034BEA7}.Release|Any CPU.Build.0 = Release|Any CPU
	EndGlobalSection
	GlobalSection(SolutionProperties) = preSolution
		HideSolutionNode = FALSE
	EndGlobalSection
EndGlobal
